
Microsoft Visual Studio Solution File, Format Version 12.00
# Visual Studio 15
VisualStudioVersion = 15.0.26730.12
MinimumVisualStudioVersion = 10.0.40219.1
Project("{FAE04EC0-301F-11D3-BF4B-00C04F79EFBC}") = "ps-start2aspnetmvc", "ps-start2aspnetmvc\ps-start2aspnetmvc.csproj", "{00B88FF0-534E-42B7-BA14-42A682CE546B}"
EndProject
Project("{FAE04EC0-301F-11D3-BF4B-00C04F79EFBC}") = "ps-start2aspnetmvc.Tests", "ps-start2aspnetmvc.Tests\ps-start2aspnetmvc.Tests.csproj", "{7DA6888B-FCBB-4D4F-8AF3-0DC5FED7A6F9}"
EndProject
Global
	GlobalSection(SolutionConfigurationPlatforms) = preSolution
		Debug|Any CPU = Debug|Any CPU
		Release|Any CPU = Release|Any CPU
	EndGlobalSection
	GlobalSection(ProjectConfigurationPlatforms) = postSolution
		{00B88FF0-534E-42B7-BA14-42A682CE546B}.Debug|Any CPU.ActiveCfg = Debug|Any CPU
		{00B88FF0-534E-42B7-BA14-42A682CE546B}.Debug|Any CPU.Build.0 = Debug|Any CPU
		{00B88FF0-534E-42B7-BA14-42A682CE546B}.Release|Any CPU.ActiveCfg = Release|Any CPU
		{00B88FF0-534E-42B7-BA14-42A682CE546B}.Release|Any CPU.Build.0 = Release|Any CPU
		{7DA6888B-FCBB-4D4F-8AF3-0DC5FED7A6F9}.Debug|Any CPU.ActiveCfg = Debug|Any CPU
		{7DA6888B-FCBB-4D4F-8AF3-0DC5FED7A6F9}.Debug|Any CPU.Build.0 = Debug|Any CPU
		{7DA6888B-FCBB-4D4F-8AF3-0DC5FED7A6F9}.Release|Any CPU.ActiveCfg = Release|Any CPU
		{7DA6888B-FCBB-4D4F-8AF3-0DC5FED7A6F9}.Release|Any CPU.Build.0 = Release|Any CPU
	EndGlobalSection
	GlobalSection(SolutionProperties) = preSolution
		HideSolutionNode = FALSE
	EndGlobalSection
	GlobalSection(ExtensibilityGlobals) = postSolution
		SolutionGuid = {47229F6D-DAFE-418E-9C27-85365C4BF9C7}
	EndGlobalSection
EndGlobal
